
Microsoft Visual Studio Solution File, Format Version 12.00
# Visual Studio Version 16
VisualStudioVersion = 16.0.32901.82
MinimumVisualStudioVersion = 10.0.40219.1
Project("{8BC9CEB8-8B4A-11D0-8D11-00A0C91BC942}") = "メインプロジェクト", "メインプロジェクト\メインプロジェクト.vcxproj", "{AAC64F81-C4BA-449F-A0BE-57372C8BB214}"
EndProject
Project("{8BC9CEB8-8B4A-11D0-8D11-00A0C91BC942}") = "ListManualTest", "ListManualTest\ListManualTest.vcxproj", "{7A15E01C-D938-4957-AC17-AEDC2C1107C0}"
EndProject
Project("{8BC9CEB8-8B4A-11D0-8D11-00A0C91BC942}") = "TestForList", "TestForList\TestForList.vcxproj", "{DA7B5A7A-5AF5-4F72-90B0-E5C2F64018F9}"
EndProject
Project("{8BC9CEB8-8B4A-11D0-8D11-00A0C91BC942}") = "Test-stack", "Test-stack\Test-stack.vcxproj", "{4C5F7D1C-2235-4F04-B0E5-E2A810A4EB85}"
EndProject
Project("{8BC9CEB8-8B4A-11D0-8D11-00A0C91BC942}") = "Test-queue", "Test-queue\Test-queue.vcxproj", "{B86F65B4-CF80-4C4B-81A2-A43F766D7FA9}"
EndProject
Global
	GlobalSection(SolutionConfigurationPlatforms) = preSolution
		Debug|x64 = Debug|x64
		Debug|x86 = Debug|x86
		Release|x64 = Release|x64
		Release|x86 = Release|x86
	EndGlobalSection
	GlobalSection(ProjectConfigurationPlatforms) = postSolution
		{AAC64F81-C4BA-449F-A0BE-57372C8BB214}.Debug|x64.ActiveCfg = Debug|x64
		{AAC64F81-C4BA-449F-A0BE-57372C8BB214}.Debug|x64.Build.0 = Debug|x64
		{AAC64F81-C4BA-449F-A0BE-57372C8BB214}.Debug|x86.ActiveCfg = Debug|Win32
		{AAC64F81-C4BA-449F-A0BE-57372C8BB214}.Debug|x86.Build.0 = Debug|Win32
		{AAC64F81-C4BA-449F-A0BE-57372C8BB214}.Release|x64.ActiveCfg = Release|x64
		{AAC64F81-C4BA-449F-A0BE-57372C8BB214}.Release|x64.Build.0 = Release|x64
		{AAC64F81-C4BA-449F-A0BE-57372C8BB214}.Release|x86.ActiveCfg = Release|Win32
		{AAC64F81-C4BA-449F-A0BE-57372C8BB214}.Release|x86.Build.0 = Release|Win32
		{7A15E01C-D938-4957-AC17-AEDC2C1107C0}.Debug|x64.ActiveCfg = Debug|x64
		{7A15E01C-D938-4957-AC17-AEDC2C1107C0}.Debug|x64.Build.0 = Debug|x64
		{7A15E01C-D938-4957-AC17-AEDC2C1107C0}.Debug|x86.ActiveCfg = Debug|Win32
		{7A15E01C-D938-4957-AC17-AEDC2C1107C0}.Debug|x86.Build.0 = Debug|Win32
		{7A15E01C-D938-4957-AC17-AEDC2C1107C0}.Release|x64.ActiveCfg = Release|x64
		{7A15E01C-D938-4957-AC17-AEDC2C1107C0}.Release|x64.Build.0 = Release|x64
		{7A15E01C-D938-4957-AC17-AEDC2C1107C0}.Release|x86.ActiveCfg = Release|Win32
		{7A15E01C-D938-4957-AC17-AEDC2C1107C0}.Release|x86.Build.0 = Release|Win32
		{DA7B5A7A-5AF5-4F72-90B0-E5C2F64018F9}.Debug|x64.ActiveCfg = Debug|x64
		{DA7B5A7A-5AF5-4F72-90B0-E5C2F64018F9}.Debug|x64.Build.0 = Debug|x64
		{DA7B5A7A-5AF5-4F72-90B0-E5C2F64018F9}.Debug|x86.ActiveCfg = Debug|Win32
		{DA7B5A7A-5AF5-4F72-90B0-E5C2F64018F9}.Debug|x86.Build.0 = Debug|Win32
		{DA7B5A7A-5AF5-4F72-90B0-E5C2F64018F9}.Release|x64.ActiveCfg = Release|x64
		{DA7B5A7A-5AF5-4F72-90B0-E5C2F64018F9}.Release|x64.Build.0 = Release|x64
		{DA7B5A7A-5AF5-4F72-90B0-E5C2F64018F9}.Release|x86.ActiveCfg = Release|Win32
		{DA7B5A7A-5AF5-4F72-90B0-E5C2F64018F9}.Release|x86.Build.0 = Release|Win32
		{4C5F7D1C-2235-4F04-B0E5-E2A810A4EB85}.Debug|x64.ActiveCfg = Debug|x64
		{4C5F7D1C-2235-4F04-B0E5-E2A810A4EB85}.Debug|x64.Build.0 = Debug|x64
		{4C5F7D1C-2235-4F04-B0E5-E2A810A4EB85}.Debug|x86.ActiveCfg = Debug|Win32
		{4C5F7D1C-2235-4F04-B0E5-E2A810A4EB85}.Debug|x86.Build.0 = Debug|Win32
		{4C5F7D1C-2235-4F04-B0E5-E2A810A4EB85}.Release|x64.ActiveCfg = Release|x64
		{4C5F7D1C-2235-4F04-B0E5-E2A810A4EB85}.Release|x64.Build.0 = Release|x64
		{4C5F7D1C-2235-4F04-B0E5-E2A810A4EB85}.Release|x86.ActiveCfg = Release|Win32
		{4C5F7D1C-2235-4F04-B0E5-E2A810A4EB85}.Release|x86.Build.0 = Release|Win32
		{B86F65B4-CF80-4C4B-81A2-A43F766D7FA9}.Debug|x64.ActiveCfg = Debug|x64
		{B86F65B4-CF80-4C4B-81A2-A43F766D7FA9}.Debug|x64.Build.0 = Debug|x64
		{B86F65B4-CF80-4C4B-81A2-A43F766D7FA9}.Debug|x86.ActiveCfg = Debug|Win32
		{B86F65B4-CF80-4C4B-81A2-A43F766D7FA9}.Debug|x86.Build.0 = Debug|Win32
		{B86F65B4-CF80-4C4B-81A2-A43F766D7FA9}.Release|x64.ActiveCfg = Release|x64
		{B86F65B4-CF80-4C4B-81A2-A43F766D7FA9}.Release|x64.Build.0 = Release|x64
		{B86F65B4-CF80-4C4B-81A2-A43F766D7FA9}.Release|x86.ActiveCfg = Release|Win32
		{B86F65B4-CF80-4C4B-81A2-A43F766D7FA9}.Release|x86.Build.0 = Release|Win32
	EndGlobalSection
	GlobalSection(SolutionProperties) = preSolution
		HideSolutionNode = FALSE
	EndGlobalSection
	GlobalSection(ExtensibilityGlobals) = postSolution
		SolutionGuid = {DA21099D-201C-4E6B-89C2-0D6257CC4150}
	EndGlobalSection
EndGlobal
